# generated by rye
# use `rye lock` or `rye sync` to update this lockfile
#
# last locked with the following flags:
#   pre: false
#   features: []
#   all-features: false
#   with-sources: false
#   generate-hashes: false
#   universal: false

-e file:.
importlib-resources==6.4.5
    # via python-liquid
python-dateutil==2.9.0.post0
    # via python-liquid
python-liquid==1.12.1
    # via can-i-use-terminal-github-io
pyyaml==6.0.2
    # via can-i-use-terminal-github-io
six==1.16.0
    # via python-dateutil
typing-extensions==4.12.2
    # via python-liquid
